
Microsoft Visual Studio Solution File, Format Version 12.00
# Visual Studio Version 17
VisualStudioVersion = 17.0.31903.59
MinimumVisualStudioVersion = 10.0.40219.1
Project("{FAE04EC0-301F-11D3-BF4B-00C04F79EFBC}") = "Trips", "Trips\Trips.csproj", "{71F3B767-8F96-4984-907B-2E77F4939D92}"
EndProject
Global
	GlobalSection(SolutionConfigurationPlatforms) = preSolution
		Debug|Any CPU = Debug|Any CPU
		Release|Any CPU = Release|Any CPU
	EndGlobalSection
	GlobalSection(ProjectConfigurationPlatforms) = postSolution
		{71F3B767-8F96-4984-907B-2E77F4939D92}.Debug|Any CPU.ActiveCfg = Debug|Any CPU
		{71F3B767-8F96-4984-907B-2E77F4939D92}.Debug|Any CPU.Build.0 = Debug|Any CPU
		{71F3B767-8F96-4984-907B-2E77F4939D92}.Release|Any CPU.ActiveCfg = Release|Any CPU
		{71F3B767-8F96-4984-907B-2E77F4939D92}.Release|Any CPU.Build.0 = Release|Any CPU
	EndGlobalSection
	GlobalSection(SolutionProperties) = preSolution
		HideSolutionNode = FALSE
	EndGlobalSection
	GlobalSection(ExtensibilityGlobals) = postSolution
		SolutionGuid = {6EB4A009-0390-47A4-BE8E-69CC279E4321}
	EndGlobalSection
EndGlobal
